// !$*UTF8*$!
{
	archiveVersion = 1;
	classes = {
	};
	objectVersion = 46;
	objects = {

/* Begin PBXBuildFile section */
		18C1DDD819D3F132002207F3 /* 02-HTTP.pptx in Resources */ = {isa = PBXBuildFile; fileRef = 18C1DDD719D3F132002207F3 /* 02-HTTP.pptx */; };
		18C1DDDA19D3F265002207F3 /* salary.html in Resources */ = {isa = PBXBuildFile; fileRef = 18C1DDD919D3F265002207F3 /* salary.html */; };
		18C8F99519D3F033006A3C42 /* Foundation.framework in Frameworks */ = {isa = PBXBuildFile; fileRef = 18C8F99419D3F033006A3C42 /* Foundation.framework */; };
		18C8F99719D3F033006A3C42 /* CoreGraphics.framework in Frameworks */ = {isa = PBXBuildFile; fileRef = 18C8F99619D3F033006A3C42 /* CoreGraphics.framework */; };
		18C8F99919D3F033006A3C42 /* UIKit.framework in Frameworks */ = {isa = PBXBuildFile; fileRef = 18C8F99819D3F033006A3C42 /* UIKit.framework */; };
		18C8F99F19D3F033006A3C42 /* InfoPlist.strings in Resources */ = {isa = PBXBuildFile; fileRef = 18C8F99D19D3F033006A3C42 /* InfoPlist.strings */; };
		18C8F9A119D3F033006A3C42 /* main.m in Sources */ = {isa = PBXBuildFile; fileRef = 18C8F9A019D3F033006A3C42 /* main.m */; };
		18C8F9A519D3F033006A3C42 /* HMAppDelegate.m in Sources */ = {isa = PBXBuildFile; fileRef = 18C8F9A419D3F033006A3C42 /* HMAppDelegate.m */; };
		18C8F9A819D3F033006A3C42 /* Main.storyboard in Resources */ = {isa = PBXBuildFile; fileRef = 18C8F9A619D3F033006A3C42 /* Main.storyboard */; };
		18C8F9AB19D3F033006A3C42 /* HMViewController.m in Sources */ = {isa = PBXBuildFile; fileRef = 18C8F9AA19D3F033006A3C42 /* HMViewController.m */; };
		18C8F9AD19D3F033006A3C42 /* Images.xcassets in Resources */ = {isa = PBXBuildFile; fileRef = 18C8F9AC19D3F033006A3C42 /* Images.xcassets */; };
		18C8F9B419D3F033006A3C42 /* XCTest.framework in Frameworks */ = {isa = PBXBuildFile; fileRef = 18C8F9B319D3F033006A3C42 /* XCTest.framework */; };
		18C8F9B519D3F033006A3C42 /* Foundation.framework in Frameworks */ = {isa = PBXBuildFile; fileRef = 18C8F99419D3F033006A3C42 /* Foundation.framework */; };
		18C8F9B619D3F033006A3C42 /* UIKit.framework in Frameworks */ = {isa = PBXBuildFile; fileRef = 18C8F99819D3F033006A3C42 /* UIKit.framework */; };
		18C8F9BE19D3F033006A3C42 /* InfoPlist.strings in Resources */ = {isa = PBXBuildFile; fileRef = 18C8F9BC19D3F033006A3C42 /* InfoPlist.strings */; };
		18C8F9C019D3F033006A3C42 /* _7_UIWebView01_________Tests.m in Sources */ = {isa = PBXBuildFile; fileRef = 18C8F9BF19D3F033006A3C42 /* _7_UIWebView01_________Tests.m */; };
/* End PBXBuildFile section */

/* Begin PBXContainerItemProxy section */
		18C8F9B719D3F033006A3C42 /* PBXContainerItemProxy */ = {
			isa = PBXContainerItemProxy;
			containerPortal = 18C8F98919D3F033006A3C42 /* Project object */;
			proxyType = 1;
			remoteGlobalIDString = 18C8F99019D3F033006A3C42;
			remoteInfo = "07-UIWebView01-基本使用（了解）";
		};
/* End PBXContainerItemProxy section */

/* Begin PBXFileReference section */
		18C1DDD719D3F132002207F3 /* 02-HTTP.pptx */ = {isa = PBXFileReference; lastKnownFileType = file; path = "02-HTTP.pptx"; sourceTree = "<group>"; };
		18C1DDD919D3F265002207F3 /* salary.html */ = {isa = PBXFileReference; fileEncoding = 4; lastKnownFileType = text.html; path = salary.html; sourceTree = "<group>"; };
		18C8F99119D3F033006A3C42 /* 07-UIWebView01-基本使用（了解）.app */ = {isa = PBXFileReference; explicitFileType = wrapper.application; includeInIndex = 0; path = "07-UIWebView01-基本使用（了解）.app"; sourceTree = BUILT_PRODUCTS_DIR; };
		18C8F99419D3F033006A3C42 /* Foundation.framework */ = {isa = PBXFileReference; lastKnownFileType = wrapper.framework; name = Foundation.framework; path = System/Library/Frameworks/Foundation.framework; sourceTree = SDKROOT; };
		18C8F99619D3F033006A3C42 /* CoreGraphics.framework */ = {isa = PBXFileReference; lastKnownFileType = wrapper.framework; name = CoreGraphics.framework; path = System/Library/Frameworks/CoreGraphics.framework; sourceTree = SDKROOT; };
		18C8F99819D3F033006A3C42 /* UIKit.framework */ = {isa = PBXFileReference; lastKnownFileType = wrapper.framework; name = UIKit.framework; path = System/Library/Frameworks/UIKit.framework; sourceTree = SDKROOT; };
		18C8F99C19D3F033006A3C42 /* 07-UIWebView01-基本使用（了解）-Info.plist */ = {isa = PBXFileReference; lastKnownFileType = text.plist.xml; path = "07-UIWebView01-基本使用（了解）-Info.plist"; sourceTree = "<group>"; };
		18C8F99E19D3F033006A3C42 /* en */ = {isa = PBXFileReference; lastKnownFileType = text.plist.strings; name = en; path = en.lproj/InfoPlist.strings; sourceTree = "<group>"; };
		18C8F9A019D3F033006A3C42 /* main.m */ = {isa = PBXFileReference; lastKnownFileType = sourcecode.c.objc; path = main.m; sourceTree = "<group>"; };
		18C8F9A219D3F033006A3C42 /* 07-UIWebView01-基本使用（了解）-Prefix.pch */ = {isa = PBXFileReference; lastKnownFileType = sourcecode.c.h; path = "07-UIWebView01-基本使用（了解）-Prefix.pch"; sourceTree = "<group>"; };
		18C8F9A319D3F033006A3C42 /* HMAppDelegate.h */ = {isa = PBXFileReference; lastKnownFileType = sourcecode.c.h; path = HMAppDelegate.h; sourceTree = "<group>"; };
		18C8F9A419D3F033006A3C42 /* HMAppDelegate.m */ = {isa = PBXFileReference; lastKnownFileType = sourcecode.c.objc; path = HMAppDelegate.m; sourceTree = "<group>"; };
		18C8F9A719D3F033006A3C42 /* Base */ = {isa = PBXFileReference; lastKnownFileType = file.storyboard; name = Base; path = Base.lproj/Main.storyboard; sourceTree = "<group>"; };
		18C8F9A919D3F033006A3C42 /* HMViewController.h */ = {isa = PBXFileReference; lastKnownFileType = sourcecode.c.h; path = HMViewController.h; sourceTree = "<group>"; };
		18C8F9AA19D3F033006A3C42 /* HMViewController.m */ = {isa = PBXFileReference; lastKnownFileType = sourcecode.c.objc; path = HMViewController.m; sourceTree = "<group>"; };
		18C8F9AC19D3F033006A3C42 /* Images.xcassets */ = {isa = PBXFileReference; lastKnownFileType = folder.assetcatalog; path = Images.xcassets; sourceTree = "<group>"; };
		18C8F9B219D3F033006A3C42 /* 07-UIWebView01-基本使用（了解）Tests.xctest */ = {isa = PBXFileReference; explicitFileType = wrapper.cfbundle; includeInIndex = 0; path = "07-UIWebView01-基本使用（了解）Tests.xctest"; sourceTree = BUILT_PRODUCTS_DIR; };
		18C8F9B319D3F033006A3C42 /* XCTest.framework */ = {isa = PBXFileReference; lastKnownFileType = wrapper.framework; name = XCTest.framework; path = Library/Frameworks/XCTest.framework; sourceTree = DEVELOPER_DIR; };
		18C8F9BB19D3F033006A3C42 /* 07-UIWebView01-基本使用（了解）Tests-Info.plist */ = {isa = PBXFileReference; lastKnownFileType = text.plist.xml; path = "07-UIWebView01-基本使用（了解）Tests-Info.plist"; sourceTree = "<group>"; };
		18C8F9BD19D3F033006A3C42 /* en */ = {isa = PBXFileReference; lastKnownFileType = text.plist.strings; name = en; path = en.lproj/InfoPlist.strings; sourceTree = "<group>"; };
		18C8F9BF19D3F033006A3C42 /* _7_UIWebView01_________Tests.m */ = {isa = PBXFileReference; lastKnownFileType = sourcecode.c.objc; path = "_7_UIWebView01_________Tests.m"; sourceTree = "<group>"; };
		5658DF021B2011D10025B2CE /* zh-Hans */ = {isa = PBXFileReference; lastKnownFileType = text.plist.strings; name = "zh-Hans"; path = "zh-Hans.lproj/Main.strings"; sourceTree = "<group>"; };
		5658DF031B2011D10025B2CE /* zh-Hans */ = {isa = PBXFileReference; lastKnownFileType = text.plist.strings; name = "zh-Hans"; path = "zh-Hans.lproj/InfoPlist.strings"; sourceTree = "<group>"; };
		5658DF041B2011D10025B2CE /* zh-Hans */ = {isa = PBXFileReference; lastKnownFileType = text.plist.strings; name = "zh-Hans"; path = "zh-Hans.lproj/InfoPlist.strings"; sourceTree = "<group>"; };
/* End PBXFileReference section */

/* Begin PBXFrameworksBuildPhase section */
		18C8F98E19D3F033006A3C42 /* Frameworks */ = {
			isa = PBXFrameworksBuildPhase;
			buildActionMask = 2147483647;
			files = (
				18C8F99719D3F033006A3C42 /* CoreGraphics.framework in Frameworks */,
				18C8F99919D3F033006A3C42 /* UIKit.framework in Frameworks */,
				18C8F99519D3F033006A3C42 /* Foundation.framework in Frameworks */,
			);
			runOnlyForDeploymentPostprocessing = 0;
		};
		18C8F9AF19D3F033006A3C42 /* Frameworks */ = {
			isa = PBXFrameworksBuildPhase;
			buildActionMask = 2147483647;
			files = (
				18C8F9B419D3F033006A3C42 /* XCTest.framework in Frameworks */,
				18C8F9B619D3F033006A3C42 /* UIKit.framework in Frameworks */,
				18C8F9B519D3F033006A3C42 /* Foundation.framework in Frameworks */,
			);
			runOnlyForDeploymentPostprocessing = 0;
		};
/* End PBXFrameworksBuildPhase section */

/* Begin PBXGroup section */
		18C8F98819D3F033006A3C42 = {
			isa = PBXGroup;
			children = (
				18C8F99A19D3F033006A3C42 /* 07-UIWebView01-基本使用（了解） */,
				18C8F9B919D3F033006A3C42 /* 07-UIWebView01-基本使用（了解）Tests */,
				18C8F99319D3F033006A3C42 /* Frameworks */,
				18C8F99219D3F033006A3C42 /* Products */,
			);
			sourceTree = "<group>";
		};
		18C8F99219D3F033006A3C42 /* Products */ = {
			isa = PBXGroup;
			children = (
				18C8F99119D3F033006A3C42 /* 07-UIWebView01-基本使用（了解）.app */,
				18C8F9B219D3F033006A3C42 /* 07-UIWebView01-基本使用（了解）Tests.xctest */,
			);
			name = Products;
			sourceTree = "<group>";
		};
		18C8F99319D3F033006A3C42 /* Frameworks */ = {
			isa = PBXGroup;
			children = (
				18C8F99419D3F033006A3C42 /* Foundation.framework */,
				18C8F99619D3F033006A3C42 /* CoreGraphics.framework */,
				18C8F99819D3F033006A3C42 /* UIKit.framework */,
				18C8F9B319D3F033006A3C42 /* XCTest.framework */,
			);
			name = Frameworks;
			sourceTree = "<group>";
		};
		18C8F99A19D3F033006A3C42 /* 07-UIWebView01-基本使用（了解） */ = {
			isa = PBXGroup;
			children = (
				18C8F9A319D3F033006A3C42 /* HMAppDelegate.h */,
				18C8F9A419D3F033006A3C42 /* HMAppDelegate.m */,
				18C8F9A619D3F033006A3C42 /* Main.storyboard */,
				18C8F9A919D3F033006A3C42 /* HMViewController.h */,
				18C8F9AA19D3F033006A3C42 /* HMViewController.m */,
				18C8F9AC19D3F033006A3C42 /* Images.xcassets */,
				18C8F99B19D3F033006A3C42 /* Supporting Files */,
			);
			path = "07-UIWebView01-基本使用（了解）";
			sourceTree = "<group>";
		};
		18C8F99B19D3F033006A3C42 /* Supporting Files */ = {
			isa = PBXGroup;
			children = (
				18C1DDD919D3F265002207F3 /* salary.html */,
				18C1DDD719D3F132002207F3 /* 02-HTTP.pptx */,
				18C8F99C19D3F033006A3C42 /* 07-UIWebView01-基本使用（了解）-Info.plist */,
				18C8F99D19D3F033006A3C42 /* InfoPlist.strings */,
				18C8F9A019D3F033006A3C42 /* main.m */,
				18C8F9A219D3F033006A3C42 /* 07-UIWebView01-基本使用（了解）-Prefix.pch */,
			);
			name = "Supporting Files";
			sourceTree = "<group>";
		};
		18C8F9B919D3F033006A3C42 /* 07-UIWebView01-基本使用（了解）Tests */ = {
			isa = PBXGroup;
			children = (
				18C8F9BF19D3F033006A3C42 /* _7_UIWebView01_________Tests.m */,
				18C8F9BA19D3F033006A3C42 /* Supporting Files */,
			);
			path = "07-UIWebView01-基本使用（了解）Tests";
			sourceTree = "<group>";
		};
		18C8F9BA19D3F033006A3C42 /* Supporting Files */ = {
			isa = PBXGroup;
			children = (
				18C8F9BB19D3F033006A3C42 /* 07-UIWebView01-基本使用（了解）Tests-Info.plist */,
				18C8F9BC19D3F033006A3C42 /* InfoPlist.strings */,
			);
			name = "Supporting Files";
			sourceTree = "<group>";
		};
/* End PBXGroup section */

/* Begin PBXNativeTarget section */
		18C8F99019D3F033006A3C42 /* 07-UIWebView01-基本使用（了解） */ = {
			isa = PBXNativeTarget;
			buildConfigurationList = 18C8F9C319D3F033006A3C42 /* Build configuration list for PBXNativeTarget "07-UIWebView01-基本使用（了解）" */;
			buildPhases = (
				18C8F98D19D3F033006A3C42 /* Sources */,
				18C8F98E19D3F033006A3C42 /* Frameworks */,
				18C8F98F19D3F033006A3C42 /* Resources */,
			);
			buildRules = (
			);
			dependencies = (
			);
			name = "07-UIWebView01-基本使用（了解）";
			productName = "07-UIWebView01-基本使用（了解）";
			productReference = 18C8F99119D3F033006A3C42 /* 07-UIWebView01-基本使用（了解）.app */;
			productType = "com.apple.product-type.application";
		};
		18C8F9B119D3F033006A3C42 /* 07-UIWebView01-基本使用（了解）Tests */ = {
			isa = PBXNativeTarget;
			buildConfigurationList = 18C8F9C619D3F033006A3C42 /* Build configuration list for PBXNativeTarget "07-UIWebView01-基本使用（了解）Tests" */;
			buildPhases = (
				18C8F9AE19D3F033006A3C42 /* Sources */,
				18C8F9AF19D3F033006A3C42 /* Frameworks */,
				18C8F9B019D3F033006A3C42 /* Resources */,
			);
			buildRules = (
			);
			dependencies = (
				18C8F9B819D3F033006A3C42 /* PBXTargetDependency */,
			);
			name = "07-UIWebView01-基本使用（了解）Tests";
			productName = "07-UIWebView01-基本使用（了解）Tests";
			productReference = 18C8F9B219D3F033006A3C42 /* 07-UIWebView01-基本使用（了解）Tests.xctest */;
			productType = "com.apple.product-type.bundle.unit-test";
		};
/* End PBXNativeTarget section */

/* Begin PBXProject section */
		18C8F98919D3F033006A3C42 /* Project object */ = {
			isa = PBXProject;
			attributes = {
				CLASSPREFIX = HM;
				LastUpgradeCheck = 0510;
				ORGANIZATIONNAME = heima;
				TargetAttributes = {
					18C8F9B119D3F033006A3C42 = {
						TestTargetID = 18C8F99019D3F033006A3C42;
					};
				};
			};
			buildConfigurationList = 18C8F98C19D3F033006A3C42 /* Build configuration list for PBXProject "07-UIWebView01-基本使用（了解）" */;
			compatibilityVersion = "Xcode 3.2";
			developmentRegion = English;
			hasScannedForEncodings = 0;
			knownRegions = (
				en,
				Base,
				"zh-Hans",
			);
			mainGroup = 18C8F98819D3F033006A3C42;
			productRefGroup = 18C8F99219D3F033006A3C42 /* Products */;
			projectDirPath = "";
			projectRoot = "";
			targets = (
				18C8F99019D3F033006A3C42 /* 07-UIWebView01-基本使用（了解） */,
				18C8F9B119D3F033006A3C42 /* 07-UIWebView01-基本使用（了解）Tests */,
			);
		};
/* End PBXProject section */

/* Begin PBXResourcesBuildPhase section */
		18C8F98F19D3F033006A3C42 /* Resources */ = {
			isa = PBXResourcesBuildPhase;
			buildActionMask = 2147483647;
			files = (
				18C8F9AD19D3F033006A3C42 /* Images.xcassets in Resources */,
				18C1DDD819D3F132002207F3 /* 02-HTTP.pptx in Resources */,
				18C8F99F19D3F033006A3C42 /* InfoPlist.strings in Resources */,
				18C1DDDA19D3F265002207F3 /* salary.html in Resources */,
				18C8F9A819D3F033006A3C42 /* Main.storyboard in Resources */,
			);
			runOnlyForDeploymentPostprocessing = 0;
		};
		18C8F9B019D3F033006A3C42 /* Resources */ = {
			isa = PBXResourcesBuildPhase;
			buildActionMask = 2147483647;
			files = (
				18C8F9BE19D3F033006A3C42 /* InfoPlist.strings in Resources */,
			);
			runOnlyForDeploymentPostprocessing = 0;
		};
/* End PBXResourcesBuildPhase section */

/* Begin PBXSourcesBuildPhase section */
		18C8F98D19D3F033006A3C42 /* Sources */ = {
			isa = PBXSourcesBuildPhase;
			buildActionMask = 2147483647;
			files = (
				18C8F9AB19D3F033006A3C42 /* HMViewController.m in Sources */,
				18C8F9A119D3F033006A3C42 /* main.m in Sources */,
				18C8F9A519D3F033006A3C42 /* HMAppDelegate.m in Sources */,
			);
			runOnlyForDeploymentPostprocessing = 0;
		};
		18C8F9AE19D3F033006A3C42 /* Sources */ = {
			isa = PBXSourcesBuildPhase;
			buildActionMask = 2147483647;
			files = (
				18C8F9C019D3F033006A3C42 /* _7_UIWebView01_________Tests.m in Sources */,
			);
			runOnlyForDeploymentPostprocessing = 0;
		};
/* End PBXSourcesBuildPhase section */

/* Begin PBXTargetDependency section */
		18C8F9B819D3F033006A3C42 /* PBXTargetDependency */ = {
			isa = PBXTargetDependency;
			target = 18C8F99019D3F033006A3C42 /* 07-UIWebView01-基本使用（了解） */;
			targetProxy = 18C8F9B719D3F033006A3C42 /* PBXContainerItemProxy */;
		};
/* End PBXTargetDependency section */

/* Begin PBXVariantGroup section */
		18C8F99D19D3F033006A3C42 /* InfoPlist.strings */ = {
			isa = PBXVariantGroup;
			children = (
				18C8F99E19D3F033006A3C42 /* en */,
				5658DF031B2011D10025B2CE /* zh-Hans */,
			);
			name = InfoPlist.strings;
			sourceTree = "<group>";
		};
		18C8F9A619D3F033006A3C42 /* Main.storyboard */ = {
			isa = PBXVariantGroup;
			children = (
				18C8F9A719D3F033006A3C42 /* Base */,
				5658DF021B2011D10025B2CE /* zh-Hans */,
			);
			name = Main.storyboard;
			sourceTree = "<group>";
		};
		18C8F9BC19D3F033006A3C42 /* InfoPlist.strings */ = {
			isa = PBXVariantGroup;
			children = (
				18C8F9BD19D3F033006A3C42 /* en */,
				5658DF041B2011D10025B2CE /* zh-Hans */,
			);
			name = InfoPlist.strings;
			sourceTree = "<group>";
		};
/* End PBXVariantGroup section */

/* Begin XCBuildConfiguration section */
		18C8F9C119D3F033006A3C42 /* Debug */ = {
			isa = XCBuildConfiguration;
			buildSettings = {
				ALWAYS_SEARCH_USER_PATHS = NO;
				CLANG_CXX_LANGUAGE_STANDARD = "gnu++0x";
				CLANG_CXX_LIBRARY = "libc++";
				CLANG_ENABLE_MODULES = YES;
				CLANG_ENABLE_OBJC_ARC = YES;
				CLANG_WARN_BOOL_CONVERSION = YES;
				CLANG_WARN_CONSTANT_CONVERSION = YES;
				CLANG_WARN_DIRECT_OBJC_ISA_USAGE = YES_ERROR;
				CLANG_WARN_EMPTY_BODY = YES;
				CLANG_WARN_ENUM_CONVERSION = YES;
				CLANG_WARN_INT_CONVERSION = YES;
				CLANG_WARN_OBJC_ROOT_CLASS = YES_ERROR;
				CLANG_WARN__DUPLICATE_METHOD_MATCH = YES;
				"CODE_SIGN_IDENTITY[sdk=iphoneos*]" = "iPhone Developer";
				COPY_PHASE_STRIP = NO;
				GCC_C_LANGUAGE_STANDARD = gnu99;
				GCC_DYNAMIC_NO_PIC = NO;
				GCC_OPTIMIZATION_LEVEL = 0;
				GCC_PREPROCESSOR_DEFINITIONS = (
					"DEBUG=1",
					"$(inherited)",
				);
				GCC_SYMBOLS_PRIVATE_EXTERN = NO;
				GCC_WARN_64_TO_32_BIT_CONVERSION = YES;
				GCC_WARN_ABOUT_RETURN_TYPE = YES_ERROR;
				GCC_WARN_UNDECLARED_SELECTOR = YES;
				GCC_WARN_UNINITIALIZED_AUTOS = YES_AGGRESSIVE;
				GCC_WARN_UNUSED_FUNCTION = YES;
				GCC_WARN_UNUSED_VARIABLE = YES;
				IPHONEOS_DEPLOYMENT_TARGET = 7.1;
				ONLY_ACTIVE_ARCH = YES;
				SDKROOT = iphoneos;
			};
			name = Debug;
		};
		18C8F9C219D3F033006A3C42 /* Release */ = {
			isa = XCBuildConfiguration;
			buildSettings = {
				ALWAYS_SEARCH_USER_PATHS = NO;
				CLANG_CXX_LANGUAGE_STANDARD = "gnu++0x";
				CLANG_CXX_LIBRARY = "libc++";
				CLANG_ENABLE_MODULES = YES;
				CLANG_ENABLE_OBJC_ARC = YES;
				CLANG_WARN_BOOL_CONVERSION = YES;
				CLANG_WARN_CONSTANT_CONVERSION = YES;
				CLANG_WARN_DIRECT_OBJC_ISA_USAGE = YES_ERROR;
				CLANG_WARN_EMPTY_BODY = YES;
				CLANG_WARN_ENUM_CONVERSION = YES;
				CLANG_WARN_INT_CONVERSION = YES;
				CLANG_WARN_OBJC_ROOT_CLASS = YES_ERROR;
				CLANG_WARN__DUPLICATE_METHOD_MATCH = YES;
				"CODE_SIGN_IDENTITY[sdk=iphoneos*]" = "iPhone Developer";
				COPY_PHASE_STRIP = YES;
				ENABLE_NS_ASSERTIONS = NO;
				GCC_C_LANGUAGE_STANDARD = gnu99;
				GCC_WARN_64_TO_32_BIT_CONVERSION = YES;
				GCC_WARN_ABOUT_RETURN_TYPE = YES_ERROR;
				GCC_WARN_UNDECLARED_SELECTOR = YES;
				GCC_WARN_UNINITIALIZED_AUTOS = YES_AGGRESSIVE;
				GCC_WARN_UNUSED_FUNCTION = YES;
				GCC_WARN_UNUSED_VARIABLE = YES;
				IPHONEOS_DEPLOYMENT_TARGET = 7.1;
				SDKROOT = iphoneos;
				VALIDATE_PRODUCT = YES;
			};
			name = Release;
		};
		18C8F9C419D3F033006A3C42 /* Debug */ = {
			isa = XCBuildConfiguration;
			buildSettings = {
				ASSETCATALOG_COMPILER_APPICON_NAME = AppIcon;
				ASSETCATALOG_COMPILER_LAUNCHIMAGE_NAME = LaunchImage;
				GCC_PRECOMPILE_PREFIX_HEADER = YES;
				GCC_PREFIX_HEADER = "07-UIWebView01-基本使用（了解）/07-UIWebView01-基本使用（了解）-Prefix.pch";
				INFOPLIST_FILE = "07-UIWebView01-基本使用（了解）/07-UIWebView01-基本使用（了解）-Info.plist";
				PRODUCT_NAME = "$(TARGET_NAME)";
				WRAPPER_EXTENSION = app;
			};
			name = Debug;
		};
		18C8F9C519D3F033006A3C42 /* Release */ = {
			isa = XCBuildConfiguration;
			buildSettings = {
				ASSETCATALOG_COMPILER_APPICON_NAME = AppIcon;
				ASSETCATALOG_COMPILER_LAUNCHIMAGE_NAME = LaunchImage;
				GCC_PRECOMPILE_PREFIX_HEADER = YES;
				GCC_PREFIX_HEADER = "07-UIWebView01-基本使用（了解）/07-UIWebView01-基本使用（了解）-Prefix.pch";
				INFOPLIST_FILE = "07-UIWebView01-基本使用（了解）/07-UIWebView01-基本使用（了解）-Info.plist";
				PRODUCT_NAME = "$(TARGET_NAME)";
				WRAPPER_EXTENSION = app;
			};
			name = Release;
		};
		18C8F9C719D3F033006A3C42 /* Debug */ = {
			isa = XCBuildConfiguration;
			buildSettings = {
				BUNDLE_LOADER = "$(BUILT_PRODUCTS_DIR)/07-UIWebView01-基本使用（了解）.app/07-UIWebView01-基本使用（了解）";
				FRAMEWORK_SEARCH_PATHS = (
					"$(SDKROOT)/Developer/Library/Frameworks",
					"$(inherited)",
					"$(DEVELOPER_FRAMEWORKS_DIR)",
				);
				GCC_PRECOMPILE_PREFIX_HEADER = YES;
				GCC_PREFIX_HEADER = "07-UIWebView01-基本使用（了解）/07-UIWebView01-基本使用（了解）-Prefix.pch";
				GCC_PREPROCESSOR_DEFINITIONS = (
					"DEBUG=1",
					"$(inherited)",
				);
				INFOPLIST_FILE = "07-UIWebView01-基本使用（了解）Tests/07-UIWebView01-基本使用（了解）Tests-Info.plist";
				PRODUCT_NAME = "$(TARGET_NAME)";
				TEST_HOST = "$(BUNDLE_LOADER)";
				WRAPPER_EXTENSION = xctest;
			};
			name = Debug;
		};
		18C8F9C819D3F033006A3C42 /* Release */ = {
			isa = XCBuildConfiguration;
			buildSettings = {
				BUNDLE_LOADER = "$(BUILT_PRODUCTS_DIR)/07-UIWebView01-基本使用（了解）.app/07-UIWebView01-基本使用（了解）";
				FRAMEWORK_SEARCH_PATHS = (
					"$(SDKROOT)/Developer/Library/Frameworks",
					"$(inherited)",
					"$(DEVELOPER_FRAMEWORKS_DIR)",
				);
				GCC_PRECOMPILE_PREFIX_HEADER = YES;
				GCC_PREFIX_HEADER = "07-UIWebView01-基本使用（了解）/07-UIWebView01-基本使用（了解）-Prefix.pch";
				INFOPLIST_FILE = "07-UIWebView01-基本使用（了解）Tests/07-UIWebView01-基本使用（了解）Tests-Info.plist";
				PRODUCT_NAME = "$(TARGET_NAME)";
				TEST_HOST = "$(BUNDLE_LOADER)";
				WRAPPER_EXTENSION = xctest;
			};
			name = Release;
		};
/* End XCBuildConfiguration section */

/* Begin XCConfigurationList section */
		18C8F98C19D3F033006A3C42 /* Build configuration list for PBXProject "07-UIWebView01-基本使用（了解）" */ = {
			isa = XCConfigurationList;
			buildConfigurations = (
				18C8F9C119D3F033006A3C42 /* Debug */,
				18C8F9C219D3F033006A3C42 /* Release */,
			);
			defaultConfigurationIsVisible = 0;
			defaultConfigurationName = Release;
		};
		18C8F9C319D3F033006A3C42 /* Build configuration list for PBXNativeTarget "07-UIWebView01-基本使用（了解）" */ = {
			isa = XCConfigurationList;
			buildConfigurations = (
				18C8F9C419D3F033006A3C42 /* Debug */,
				18C8F9C519D3F033006A3C42 /* Release */,
			);
			defaultConfigurationIsVisible = 0;
			defaultConfigurationName = Release;
		};
		18C8F9C619D3F033006A3C42 /* Build configuration list for PBXNativeTarget "07-UIWebView01-基本使用（了解）Tests" */ = {
			isa = XCConfigurationList;
			buildConfigurations = (
				18C8F9C719D3F033006A3C42 /* Debug */,
				18C8F9C819D3F033006A3C42 /* Release */,
			);
			defaultConfigurationIsVisible = 0;
			defaultConfigurationName = Release;
		};
/* End XCConfigurationList section */
	};
	rootObject = 18C8F98919D3F033006A3C42 /* Project object */;
}
