// !$*UTF8*$!
{
	archiveVersion = 1;
	classes = {
	};
	objectVersion = 46;
	objects = {

/* Begin PBXBuildFile section */
		18AF583E19D16CE400B92A66 /* Foundation.framework in Frameworks */ = {isa = PBXBuildFile; fileRef = 18AF583D19D16CE400B92A66 /* Foundation.framework */; };
		18AF584019D16CE400B92A66 /* CoreGraphics.framework in Frameworks */ = {isa = PBXBuildFile; fileRef = 18AF583F19D16CE400B92A66 /* CoreGraphics.framework */; };
		18AF584219D16CE400B92A66 /* UIKit.framework in Frameworks */ = {isa = PBXBuildFile; fileRef = 18AF584119D16CE400B92A66 /* UIKit.framework */; };
		18AF584819D16CE400B92A66 /* InfoPlist.strings in Resources */ = {isa = PBXBuildFile; fileRef = 18AF584619D16CE400B92A66 /* InfoPlist.strings */; };
		18AF584A19D16CE400B92A66 /* main.m in Sources */ = {isa = PBXBuildFile; fileRef = 18AF584919D16CE400B92A66 /* main.m */; };
		18AF584E19D16CE400B92A66 /* HMAppDelegate.m in Sources */ = {isa = PBXBuildFile; fileRef = 18AF584D19D16CE400B92A66 /* HMAppDelegate.m */; };
		18AF585119D16CE400B92A66 /* Main.storyboard in Resources */ = {isa = PBXBuildFile; fileRef = 18AF584F19D16CE400B92A66 /* Main.storyboard */; };
		18AF585419D16CE400B92A66 /* HMViewController.m in Sources */ = {isa = PBXBuildFile; fileRef = 18AF585319D16CE400B92A66 /* HMViewController.m */; };
		18AF585619D16CE400B92A66 /* Images.xcassets in Resources */ = {isa = PBXBuildFile; fileRef = 18AF585519D16CE400B92A66 /* Images.xcassets */; };
		18AF585D19D16CE400B92A66 /* XCTest.framework in Frameworks */ = {isa = PBXBuildFile; fileRef = 18AF585C19D16CE400B92A66 /* XCTest.framework */; };
		18AF585E19D16CE400B92A66 /* Foundation.framework in Frameworks */ = {isa = PBXBuildFile; fileRef = 18AF583D19D16CE400B92A66 /* Foundation.framework */; };
		18AF585F19D16CE400B92A66 /* UIKit.framework in Frameworks */ = {isa = PBXBuildFile; fileRef = 18AF584119D16CE400B92A66 /* UIKit.framework */; };
		18AF586719D16CE400B92A66 /* InfoPlist.strings in Resources */ = {isa = PBXBuildFile; fileRef = 18AF586519D16CE400B92A66 /* InfoPlist.strings */; };
		18AF586919D16CE400B92A66 /* _7_AFN02_____Tests.m in Sources */ = {isa = PBXBuildFile; fileRef = 18AF586819D16CE400B92A66 /* _7_AFN02_____Tests.m */; };
		18AF588619D16CEF00B92A66 /* AFHTTPRequestOperation.m in Sources */ = {isa = PBXBuildFile; fileRef = 18AF587419D16CEF00B92A66 /* AFHTTPRequestOperation.m */; };
		18AF588719D16CEF00B92A66 /* AFHTTPRequestOperationManager.m in Sources */ = {isa = PBXBuildFile; fileRef = 18AF587619D16CEF00B92A66 /* AFHTTPRequestOperationManager.m */; };
		18AF588819D16CEF00B92A66 /* AFHTTPSessionManager.m in Sources */ = {isa = PBXBuildFile; fileRef = 18AF587819D16CEF00B92A66 /* AFHTTPSessionManager.m */; };
		18AF588919D16CEF00B92A66 /* AFNetworkReachabilityManager.m in Sources */ = {isa = PBXBuildFile; fileRef = 18AF587B19D16CEF00B92A66 /* AFNetworkReachabilityManager.m */; };
		18AF588A19D16CEF00B92A66 /* AFSecurityPolicy.m in Sources */ = {isa = PBXBuildFile; fileRef = 18AF587D19D16CEF00B92A66 /* AFSecurityPolicy.m */; };
		18AF588B19D16CEF00B92A66 /* AFURLConnectionOperation.m in Sources */ = {isa = PBXBuildFile; fileRef = 18AF587F19D16CEF00B92A66 /* AFURLConnectionOperation.m */; };
		18AF588C19D16CEF00B92A66 /* AFURLRequestSerialization.m in Sources */ = {isa = PBXBuildFile; fileRef = 18AF588119D16CEF00B92A66 /* AFURLRequestSerialization.m */; };
		18AF588D19D16CEF00B92A66 /* AFURLResponseSerialization.m in Sources */ = {isa = PBXBuildFile; fileRef = 18AF588319D16CEF00B92A66 /* AFURLResponseSerialization.m */; };
		18AF588E19D16CEF00B92A66 /* AFURLSessionManager.m in Sources */ = {isa = PBXBuildFile; fileRef = 18AF588519D16CEF00B92A66 /* AFURLSessionManager.m */; };
		18AF589019D16FF000B92A66 /* itcast.txt in Resources */ = {isa = PBXBuildFile; fileRef = 18AF588F19D16FF000B92A66 /* itcast.txt */; };
/* End PBXBuildFile section */

/* Begin PBXContainerItemProxy section */
		18AF586019D16CE400B92A66 /* PBXContainerItemProxy */ = {
			isa = PBXContainerItemProxy;
			containerPortal = 18AF583219D16CE400B92A66 /* Project object */;
			proxyType = 1;
			remoteGlobalIDString = 18AF583919D16CE400B92A66;
			remoteInfo = "07-AFN02-文件上传";
		};
/* End PBXContainerItemProxy section */

/* Begin PBXFileReference section */
		18AF583A19D16CE400B92A66 /* 07-AFN02-文件上传.app */ = {isa = PBXFileReference; explicitFileType = wrapper.application; includeInIndex = 0; path = "07-AFN02-文件上传.app"; sourceTree = BUILT_PRODUCTS_DIR; };
		18AF583D19D16CE400B92A66 /* Foundation.framework */ = {isa = PBXFileReference; lastKnownFileType = wrapper.framework; name = Foundation.framework; path = System/Library/Frameworks/Foundation.framework; sourceTree = SDKROOT; };
		18AF583F19D16CE400B92A66 /* CoreGraphics.framework */ = {isa = PBXFileReference; lastKnownFileType = wrapper.framework; name = CoreGraphics.framework; path = System/Library/Frameworks/CoreGraphics.framework; sourceTree = SDKROOT; };
		18AF584119D16CE400B92A66 /* UIKit.framework */ = {isa = PBXFileReference; lastKnownFileType = wrapper.framework; name = UIKit.framework; path = System/Library/Frameworks/UIKit.framework; sourceTree = SDKROOT; };
		18AF584519D16CE400B92A66 /* 07-AFN02-文件上传-Info.plist */ = {isa = PBXFileReference; lastKnownFileType = text.plist.xml; path = "07-AFN02-文件上传-Info.plist"; sourceTree = "<group>"; };
		18AF584719D16CE400B92A66 /* en */ = {isa = PBXFileReference; lastKnownFileType = text.plist.strings; name = en; path = en.lproj/InfoPlist.strings; sourceTree = "<group>"; };
		18AF584919D16CE400B92A66 /* main.m */ = {isa = PBXFileReference; lastKnownFileType = sourcecode.c.objc; path = main.m; sourceTree = "<group>"; };
		18AF584B19D16CE400B92A66 /* 07-AFN02-文件上传-Prefix.pch */ = {isa = PBXFileReference; lastKnownFileType = sourcecode.c.h; path = "07-AFN02-文件上传-Prefix.pch"; sourceTree = "<group>"; };
		18AF584C19D16CE400B92A66 /* HMAppDelegate.h */ = {isa = PBXFileReference; lastKnownFileType = sourcecode.c.h; path = HMAppDelegate.h; sourceTree = "<group>"; };
		18AF584D19D16CE400B92A66 /* HMAppDelegate.m */ = {isa = PBXFileReference; lastKnownFileType = sourcecode.c.objc; path = HMAppDelegate.m; sourceTree = "<group>"; };
		18AF585019D16CE400B92A66 /* Base */ = {isa = PBXFileReference; lastKnownFileType = file.storyboard; name = Base; path = Base.lproj/Main.storyboard; sourceTree = "<group>"; };
		18AF585219D16CE400B92A66 /* HMViewController.h */ = {isa = PBXFileReference; lastKnownFileType = sourcecode.c.h; path = HMViewController.h; sourceTree = "<group>"; };
		18AF585319D16CE400B92A66 /* HMViewController.m */ = {isa = PBXFileReference; lastKnownFileType = sourcecode.c.objc; path = HMViewController.m; sourceTree = "<group>"; };
		18AF585519D16CE400B92A66 /* Images.xcassets */ = {isa = PBXFileReference; lastKnownFileType = folder.assetcatalog; path = Images.xcassets; sourceTree = "<group>"; };
		18AF585B19D16CE400B92A66 /* 07-AFN02-文件上传Tests.xctest */ = {isa = PBXFileReference; explicitFileType = wrapper.cfbundle; includeInIndex = 0; path = "07-AFN02-文件上传Tests.xctest"; sourceTree = BUILT_PRODUCTS_DIR; };
		18AF585C19D16CE400B92A66 /* XCTest.framework */ = {isa = PBXFileReference; lastKnownFileType = wrapper.framework; name = XCTest.framework; path = Library/Frameworks/XCTest.framework; sourceTree = DEVELOPER_DIR; };
		18AF586419D16CE400B92A66 /* 07-AFN02-文件上传Tests-Info.plist */ = {isa = PBXFileReference; lastKnownFileType = text.plist.xml; path = "07-AFN02-文件上传Tests-Info.plist"; sourceTree = "<group>"; };
		18AF586619D16CE400B92A66 /* en */ = {isa = PBXFileReference; lastKnownFileType = text.plist.strings; name = en; path = en.lproj/InfoPlist.strings; sourceTree = "<group>"; };
		18AF586819D16CE400B92A66 /* _7_AFN02_____Tests.m */ = {isa = PBXFileReference; lastKnownFileType = sourcecode.c.objc; path = "_7_AFN02_____Tests.m"; sourceTree = "<group>"; };
		18AF587319D16CEF00B92A66 /* AFHTTPRequestOperation.h */ = {isa = PBXFileReference; fileEncoding = 4; lastKnownFileType = sourcecode.c.h; path = AFHTTPRequestOperation.h; sourceTree = "<group>"; };
		18AF587419D16CEF00B92A66 /* AFHTTPRequestOperation.m */ = {isa = PBXFileReference; fileEncoding = 4; lastKnownFileType = sourcecode.c.objc; path = AFHTTPRequestOperation.m; sourceTree = "<group>"; };
		18AF587519D16CEF00B92A66 /* AFHTTPRequestOperationManager.h */ = {isa = PBXFileReference; fileEncoding = 4; lastKnownFileType = sourcecode.c.h; path = AFHTTPRequestOperationManager.h; sourceTree = "<group>"; };
		18AF587619D16CEF00B92A66 /* AFHTTPRequestOperationManager.m */ = {isa = PBXFileReference; fileEncoding = 4; lastKnownFileType = sourcecode.c.objc; path = AFHTTPRequestOperationManager.m; sourceTree = "<group>"; };
		18AF587719D16CEF00B92A66 /* AFHTTPSessionManager.h */ = {isa = PBXFileReference; fileEncoding = 4; lastKnownFileType = sourcecode.c.h; path = AFHTTPSessionManager.h; sourceTree = "<group>"; };
		18AF587819D16CEF00B92A66 /* AFHTTPSessionManager.m */ = {isa = PBXFileReference; fileEncoding = 4; lastKnownFileType = sourcecode.c.objc; path = AFHTTPSessionManager.m; sourceTree = "<group>"; };
		18AF587919D16CEF00B92A66 /* AFNetworking.h */ = {isa = PBXFileReference; fileEncoding = 4; lastKnownFileType = sourcecode.c.h; path = AFNetworking.h; sourceTree = "<group>"; };
		18AF587A19D16CEF00B92A66 /* AFNetworkReachabilityManager.h */ = {isa = PBXFileReference; fileEncoding = 4; lastKnownFileType = sourcecode.c.h; path = AFNetworkReachabilityManager.h; sourceTree = "<group>"; };
		18AF587B19D16CEF00B92A66 /* AFNetworkReachabilityManager.m */ = {isa = PBXFileReference; fileEncoding = 4; lastKnownFileType = sourcecode.c.objc; path = AFNetworkReachabilityManager.m; sourceTree = "<group>"; };
		18AF587C19D16CEF00B92A66 /* AFSecurityPolicy.h */ = {isa = PBXFileReference; fileEncoding = 4; lastKnownFileType = sourcecode.c.h; path = AFSecurityPolicy.h; sourceTree = "<group>"; };
		18AF587D19D16CEF00B92A66 /* AFSecurityPolicy.m */ = {isa = PBXFileReference; fileEncoding = 4; lastKnownFileType = sourcecode.c.objc; path = AFSecurityPolicy.m; sourceTree = "<group>"; };
		18AF587E19D16CEF00B92A66 /* AFURLConnectionOperation.h */ = {isa = PBXFileReference; fileEncoding = 4; lastKnownFileType = sourcecode.c.h; path = AFURLConnectionOperation.h; sourceTree = "<group>"; };
		18AF587F19D16CEF00B92A66 /* AFURLConnectionOperation.m */ = {isa = PBXFileReference; fileEncoding = 4; lastKnownFileType = sourcecode.c.objc; path = AFURLConnectionOperation.m; sourceTree = "<group>"; };
		18AF588019D16CEF00B92A66 /* AFURLRequestSerialization.h */ = {isa = PBXFileReference; fileEncoding = 4; lastKnownFileType = sourcecode.c.h; path = AFURLRequestSerialization.h; sourceTree = "<group>"; };
		18AF588119D16CEF00B92A66 /* AFURLRequestSerialization.m */ = {isa = PBXFileReference; fileEncoding = 4; lastKnownFileType = sourcecode.c.objc; path = AFURLRequestSerialization.m; sourceTree = "<group>"; };
		18AF588219D16CEF00B92A66 /* AFURLResponseSerialization.h */ = {isa = PBXFileReference; fileEncoding = 4; lastKnownFileType = sourcecode.c.h; path = AFURLResponseSerialization.h; sourceTree = "<group>"; };
		18AF588319D16CEF00B92A66 /* AFURLResponseSerialization.m */ = {isa = PBXFileReference; fileEncoding = 4; lastKnownFileType = sourcecode.c.objc; path = AFURLResponseSerialization.m; sourceTree = "<group>"; };
		18AF588419D16CEF00B92A66 /* AFURLSessionManager.h */ = {isa = PBXFileReference; fileEncoding = 4; lastKnownFileType = sourcecode.c.h; path = AFURLSessionManager.h; sourceTree = "<group>"; };
		18AF588519D16CEF00B92A66 /* AFURLSessionManager.m */ = {isa = PBXFileReference; fileEncoding = 4; lastKnownFileType = sourcecode.c.objc; path = AFURLSessionManager.m; sourceTree = "<group>"; };
		18AF588F19D16FF000B92A66 /* itcast.txt */ = {isa = PBXFileReference; fileEncoding = 4; lastKnownFileType = text; path = itcast.txt; sourceTree = "<group>"; };
/* End PBXFileReference section */

/* Begin PBXFrameworksBuildPhase section */
		18AF583719D16CE400B92A66 /* Frameworks */ = {
			isa = PBXFrameworksBuildPhase;
			buildActionMask = 2147483647;
			files = (
				18AF584019D16CE400B92A66 /* CoreGraphics.framework in Frameworks */,
				18AF584219D16CE400B92A66 /* UIKit.framework in Frameworks */,
				18AF583E19D16CE400B92A66 /* Foundation.framework in Frameworks */,
			);
			runOnlyForDeploymentPostprocessing = 0;
		};
		18AF585819D16CE400B92A66 /* Frameworks */ = {
			isa = PBXFrameworksBuildPhase;
			buildActionMask = 2147483647;
			files = (
				18AF585D19D16CE400B92A66 /* XCTest.framework in Frameworks */,
				18AF585F19D16CE400B92A66 /* UIKit.framework in Frameworks */,
				18AF585E19D16CE400B92A66 /* Foundation.framework in Frameworks */,
			);
			runOnlyForDeploymentPostprocessing = 0;
		};
/* End PBXFrameworksBuildPhase section */

/* Begin PBXGroup section */
		18AF583119D16CE400B92A66 = {
			isa = PBXGroup;
			children = (
				18AF584319D16CE400B92A66 /* 07-AFN02-文件上传 */,
				18AF586219D16CE400B92A66 /* 07-AFN02-文件上传Tests */,
				18AF583C19D16CE400B92A66 /* Frameworks */,
				18AF583B19D16CE400B92A66 /* Products */,
			);
			sourceTree = "<group>";
		};
		18AF583B19D16CE400B92A66 /* Products */ = {
			isa = PBXGroup;
			children = (
				18AF583A19D16CE400B92A66 /* 07-AFN02-文件上传.app */,
				18AF585B19D16CE400B92A66 /* 07-AFN02-文件上传Tests.xctest */,
			);
			name = Products;
			sourceTree = "<group>";
		};
		18AF583C19D16CE400B92A66 /* Frameworks */ = {
			isa = PBXGroup;
			children = (
				18AF583D19D16CE400B92A66 /* Foundation.framework */,
				18AF583F19D16CE400B92A66 /* CoreGraphics.framework */,
				18AF584119D16CE400B92A66 /* UIKit.framework */,
				18AF585C19D16CE400B92A66 /* XCTest.framework */,
			);
			name = Frameworks;
			sourceTree = "<group>";
		};
		18AF584319D16CE400B92A66 /* 07-AFN02-文件上传 */ = {
			isa = PBXGroup;
			children = (
				18AF587219D16CEF00B92A66 /* AFNetworking */,
				18AF584C19D16CE400B92A66 /* HMAppDelegate.h */,
				18AF584D19D16CE400B92A66 /* HMAppDelegate.m */,
				18AF584F19D16CE400B92A66 /* Main.storyboard */,
				18AF585219D16CE400B92A66 /* HMViewController.h */,
				18AF585319D16CE400B92A66 /* HMViewController.m */,
				18AF585519D16CE400B92A66 /* Images.xcassets */,
				18AF584419D16CE400B92A66 /* Supporting Files */,
			);
			path = "07-AFN02-文件上传";
			sourceTree = "<group>";
		};
		18AF584419D16CE400B92A66 /* Supporting Files */ = {
			isa = PBXGroup;
			children = (
				18AF588F19D16FF000B92A66 /* itcast.txt */,
				18AF584519D16CE400B92A66 /* 07-AFN02-文件上传-Info.plist */,
				18AF584619D16CE400B92A66 /* InfoPlist.strings */,
				18AF584919D16CE400B92A66 /* main.m */,
				18AF584B19D16CE400B92A66 /* 07-AFN02-文件上传-Prefix.pch */,
			);
			name = "Supporting Files";
			sourceTree = "<group>";
		};
		18AF586219D16CE400B92A66 /* 07-AFN02-文件上传Tests */ = {
			isa = PBXGroup;
			children = (
				18AF586819D16CE400B92A66 /* _7_AFN02_____Tests.m */,
				18AF586319D16CE400B92A66 /* Supporting Files */,
			);
			path = "07-AFN02-文件上传Tests";
			sourceTree = "<group>";
		};
		18AF586319D16CE400B92A66 /* Supporting Files */ = {
			isa = PBXGroup;
			children = (
				18AF586419D16CE400B92A66 /* 07-AFN02-文件上传Tests-Info.plist */,
				18AF586519D16CE400B92A66 /* InfoPlist.strings */,
			);
			name = "Supporting Files";
			sourceTree = "<group>";
		};
		18AF587219D16CEF00B92A66 /* AFNetworking */ = {
			isa = PBXGroup;
			children = (
				18AF587319D16CEF00B92A66 /* AFHTTPRequestOperation.h */,
				18AF587419D16CEF00B92A66 /* AFHTTPRequestOperation.m */,
				18AF587519D16CEF00B92A66 /* AFHTTPRequestOperationManager.h */,
				18AF587619D16CEF00B92A66 /* AFHTTPRequestOperationManager.m */,
				18AF587719D16CEF00B92A66 /* AFHTTPSessionManager.h */,
				18AF587819D16CEF00B92A66 /* AFHTTPSessionManager.m */,
				18AF587919D16CEF00B92A66 /* AFNetworking.h */,
				18AF587A19D16CEF00B92A66 /* AFNetworkReachabilityManager.h */,
				18AF587B19D16CEF00B92A66 /* AFNetworkReachabilityManager.m */,
				18AF587C19D16CEF00B92A66 /* AFSecurityPolicy.h */,
				18AF587D19D16CEF00B92A66 /* AFSecurityPolicy.m */,
				18AF587E19D16CEF00B92A66 /* AFURLConnectionOperation.h */,
				18AF587F19D16CEF00B92A66 /* AFURLConnectionOperation.m */,
				18AF588019D16CEF00B92A66 /* AFURLRequestSerialization.h */,
				18AF588119D16CEF00B92A66 /* AFURLRequestSerialization.m */,
				18AF588219D16CEF00B92A66 /* AFURLResponseSerialization.h */,
				18AF588319D16CEF00B92A66 /* AFURLResponseSerialization.m */,
				18AF588419D16CEF00B92A66 /* AFURLSessionManager.h */,
				18AF588519D16CEF00B92A66 /* AFURLSessionManager.m */,
			);
			path = AFNetworking;
			sourceTree = "<group>";
		};
/* End PBXGroup section */

/* Begin PBXNativeTarget section */
		18AF583919D16CE400B92A66 /* 07-AFN02-文件上传 */ = {
			isa = PBXNativeTarget;
			buildConfigurationList = 18AF586C19D16CE400B92A66 /* Build configuration list for PBXNativeTarget "07-AFN02-文件上传" */;
			buildPhases = (
				18AF583619D16CE400B92A66 /* Sources */,
				18AF583719D16CE400B92A66 /* Frameworks */,
				18AF583819D16CE400B92A66 /* Resources */,
			);
			buildRules = (
			);
			dependencies = (
			);
			name = "07-AFN02-文件上传";
			productName = "07-AFN02-文件上传";
			productReference = 18AF583A19D16CE400B92A66 /* 07-AFN02-文件上传.app */;
			productType = "com.apple.product-type.application";
		};
		18AF585A19D16CE400B92A66 /* 07-AFN02-文件上传Tests */ = {
			isa = PBXNativeTarget;
			buildConfigurationList = 18AF586F19D16CE400B92A66 /* Build configuration list for PBXNativeTarget "07-AFN02-文件上传Tests" */;
			buildPhases = (
				18AF585719D16CE400B92A66 /* Sources */,
				18AF585819D16CE400B92A66 /* Frameworks */,
				18AF585919D16CE400B92A66 /* Resources */,
			);
			buildRules = (
			);
			dependencies = (
				18AF586119D16CE400B92A66 /* PBXTargetDependency */,
			);
			name = "07-AFN02-文件上传Tests";
			productName = "07-AFN02-文件上传Tests";
			productReference = 18AF585B19D16CE400B92A66 /* 07-AFN02-文件上传Tests.xctest */;
			productType = "com.apple.product-type.bundle.unit-test";
		};
/* End PBXNativeTarget section */

/* Begin PBXProject section */
		18AF583219D16CE400B92A66 /* Project object */ = {
			isa = PBXProject;
			attributes = {
				CLASSPREFIX = HM;
				LastUpgradeCheck = 0510;
				ORGANIZATIONNAME = heima;
				TargetAttributes = {
					18AF585A19D16CE400B92A66 = {
						TestTargetID = 18AF583919D16CE400B92A66;
					};
				};
			};
			buildConfigurationList = 18AF583519D16CE400B92A66 /* Build configuration list for PBXProject "07-AFN02-文件上传" */;
			compatibilityVersion = "Xcode 3.2";
			developmentRegion = English;
			hasScannedForEncodings = 0;
			knownRegions = (
				en,
				Base,
			);
			mainGroup = 18AF583119D16CE400B92A66;
			productRefGroup = 18AF583B19D16CE400B92A66 /* Products */;
			projectDirPath = "";
			projectRoot = "";
			targets = (
				18AF583919D16CE400B92A66 /* 07-AFN02-文件上传 */,
				18AF585A19D16CE400B92A66 /* 07-AFN02-文件上传Tests */,
			);
		};
/* End PBXProject section */

/* Begin PBXResourcesBuildPhase section */
		18AF583819D16CE400B92A66 /* Resources */ = {
			isa = PBXResourcesBuildPhase;
			buildActionMask = 2147483647;
			files = (
				18AF589019D16FF000B92A66 /* itcast.txt in Resources */,
				18AF585619D16CE400B92A66 /* Images.xcassets in Resources */,
				18AF584819D16CE400B92A66 /* InfoPlist.strings in Resources */,
				18AF585119D16CE400B92A66 /* Main.storyboard in Resources */,
			);
			runOnlyForDeploymentPostprocessing = 0;
		};
		18AF585919D16CE400B92A66 /* Resources */ = {
			isa = PBXResourcesBuildPhase;
			buildActionMask = 2147483647;
			files = (
				18AF586719D16CE400B92A66 /* InfoPlist.strings in Resources */,
			);
			runOnlyForDeploymentPostprocessing = 0;
		};
/* End PBXResourcesBuildPhase section */

/* Begin PBXSourcesBuildPhase section */
		18AF583619D16CE400B92A66 /* Sources */ = {
			isa = PBXSourcesBuildPhase;
			buildActionMask = 2147483647;
			files = (
				18AF588619D16CEF00B92A66 /* AFHTTPRequestOperation.m in Sources */,
				18AF585419D16CE400B92A66 /* HMViewController.m in Sources */,
				18AF588719D16CEF00B92A66 /* AFHTTPRequestOperationManager.m in Sources */,
				18AF588919D16CEF00B92A66 /* AFNetworkReachabilityManager.m in Sources */,
				18AF588D19D16CEF00B92A66 /* AFURLResponseSerialization.m in Sources */,
				18AF588B19D16CEF00B92A66 /* AFURLConnectionOperation.m in Sources */,
				18AF588A19D16CEF00B92A66 /* AFSecurityPolicy.m in Sources */,
				18AF588819D16CEF00B92A66 /* AFHTTPSessionManager.m in Sources */,
				18AF588C19D16CEF00B92A66 /* AFURLRequestSerialization.m in Sources */,
				18AF588E19D16CEF00B92A66 /* AFURLSessionManager.m in Sources */,
				18AF584A19D16CE400B92A66 /* main.m in Sources */,
				18AF584E19D16CE400B92A66 /* HMAppDelegate.m in Sources */,
			);
			runOnlyForDeploymentPostprocessing = 0;
		};
		18AF585719D16CE400B92A66 /* Sources */ = {
			isa = PBXSourcesBuildPhase;
			buildActionMask = 2147483647;
			files = (
				18AF586919D16CE400B92A66 /* _7_AFN02_____Tests.m in Sources */,
			);
			runOnlyForDeploymentPostprocessing = 0;
		};
/* End PBXSourcesBuildPhase section */

/* Begin PBXTargetDependency section */
		18AF586119D16CE400B92A66 /* PBXTargetDependency */ = {
			isa = PBXTargetDependency;
			target = 18AF583919D16CE400B92A66 /* 07-AFN02-文件上传 */;
			targetProxy = 18AF586019D16CE400B92A66 /* PBXContainerItemProxy */;
		};
/* End PBXTargetDependency section */

/* Begin PBXVariantGroup section */
		18AF584619D16CE400B92A66 /* InfoPlist.strings */ = {
			isa = PBXVariantGroup;
			children = (
				18AF584719D16CE400B92A66 /* en */,
			);
			name = InfoPlist.strings;
			sourceTree = "<group>";
		};
		18AF584F19D16CE400B92A66 /* Main.storyboard */ = {
			isa = PBXVariantGroup;
			children = (
				18AF585019D16CE400B92A66 /* Base */,
			);
			name = Main.storyboard;
			sourceTree = "<group>";
		};
		18AF586519D16CE400B92A66 /* InfoPlist.strings */ = {
			isa = PBXVariantGroup;
			children = (
				18AF586619D16CE400B92A66 /* en */,
			);
			name = InfoPlist.strings;
			sourceTree = "<group>";
		};
/* End PBXVariantGroup section */

/* Begin XCBuildConfiguration section */
		18AF586A19D16CE400B92A66 /* Debug */ = {
			isa = XCBuildConfiguration;
			buildSettings = {
				ALWAYS_SEARCH_USER_PATHS = NO;
				CLANG_CXX_LANGUAGE_STANDARD = "gnu++0x";
				CLANG_CXX_LIBRARY = "libc++";
				CLANG_ENABLE_MODULES = YES;
				CLANG_ENABLE_OBJC_ARC = YES;
				CLANG_WARN_BOOL_CONVERSION = YES;
				CLANG_WARN_CONSTANT_CONVERSION = YES;
				CLANG_WARN_DIRECT_OBJC_ISA_USAGE = YES_ERROR;
				CLANG_WARN_EMPTY_BODY = YES;
				CLANG_WARN_ENUM_CONVERSION = YES;
				CLANG_WARN_INT_CONVERSION = YES;
				CLANG_WARN_OBJC_ROOT_CLASS = YES_ERROR;
				CLANG_WARN__DUPLICATE_METHOD_MATCH = YES;
				"CODE_SIGN_IDENTITY[sdk=iphoneos*]" = "iPhone Developer";
				COPY_PHASE_STRIP = NO;
				GCC_C_LANGUAGE_STANDARD = gnu99;
				GCC_DYNAMIC_NO_PIC = NO;
				GCC_OPTIMIZATION_LEVEL = 0;
				GCC_PREPROCESSOR_DEFINITIONS = (
					"DEBUG=1",
					"$(inherited)",
				);
				GCC_SYMBOLS_PRIVATE_EXTERN = NO;
				GCC_WARN_64_TO_32_BIT_CONVERSION = YES;
				GCC_WARN_ABOUT_RETURN_TYPE = YES_ERROR;
				GCC_WARN_UNDECLARED_SELECTOR = YES;
				GCC_WARN_UNINITIALIZED_AUTOS = YES_AGGRESSIVE;
				GCC_WARN_UNUSED_FUNCTION = YES;
				GCC_WARN_UNUSED_VARIABLE = YES;
				IPHONEOS_DEPLOYMENT_TARGET = 7.1;
				ONLY_ACTIVE_ARCH = YES;
				SDKROOT = iphoneos;
			};
			name = Debug;
		};
		18AF586B19D16CE400B92A66 /* Release */ = {
			isa = XCBuildConfiguration;
			buildSettings = {
				ALWAYS_SEARCH_USER_PATHS = NO;
				CLANG_CXX_LANGUAGE_STANDARD = "gnu++0x";
				CLANG_CXX_LIBRARY = "libc++";
				CLANG_ENABLE_MODULES = YES;
				CLANG_ENABLE_OBJC_ARC = YES;
				CLANG_WARN_BOOL_CONVERSION = YES;
				CLANG_WARN_CONSTANT_CONVERSION = YES;
				CLANG_WARN_DIRECT_OBJC_ISA_USAGE = YES_ERROR;
				CLANG_WARN_EMPTY_BODY = YES;
				CLANG_WARN_ENUM_CONVERSION = YES;
				CLANG_WARN_INT_CONVERSION = YES;
				CLANG_WARN_OBJC_ROOT_CLASS = YES_ERROR;
				CLANG_WARN__DUPLICATE_METHOD_MATCH = YES;
				"CODE_SIGN_IDENTITY[sdk=iphoneos*]" = "iPhone Developer";
				COPY_PHASE_STRIP = YES;
				ENABLE_NS_ASSERTIONS = NO;
				GCC_C_LANGUAGE_STANDARD = gnu99;
				GCC_WARN_64_TO_32_BIT_CONVERSION = YES;
				GCC_WARN_ABOUT_RETURN_TYPE = YES_ERROR;
				GCC_WARN_UNDECLARED_SELECTOR = YES;
				GCC_WARN_UNINITIALIZED_AUTOS = YES_AGGRESSIVE;
				GCC_WARN_UNUSED_FUNCTION = YES;
				GCC_WARN_UNUSED_VARIABLE = YES;
				IPHONEOS_DEPLOYMENT_TARGET = 7.1;
				SDKROOT = iphoneos;
				VALIDATE_PRODUCT = YES;
			};
			name = Release;
		};
		18AF586D19D16CE400B92A66 /* Debug */ = {
			isa = XCBuildConfiguration;
			buildSettings = {
				ASSETCATALOG_COMPILER_APPICON_NAME = AppIcon;
				ASSETCATALOG_COMPILER_LAUNCHIMAGE_NAME = LaunchImage;
				GCC_PRECOMPILE_PREFIX_HEADER = YES;
				GCC_PREFIX_HEADER = "07-AFN02-文件上传/07-AFN02-文件上传-Prefix.pch";
				INFOPLIST_FILE = "07-AFN02-文件上传/07-AFN02-文件上传-Info.plist";
				PRODUCT_NAME = "$(TARGET_NAME)";
				WRAPPER_EXTENSION = app;
			};
			name = Debug;
		};
		18AF586E19D16CE400B92A66 /* Release */ = {
			isa = XCBuildConfiguration;
			buildSettings = {
				ASSETCATALOG_COMPILER_APPICON_NAME = AppIcon;
				ASSETCATALOG_COMPILER_LAUNCHIMAGE_NAME = LaunchImage;
				GCC_PRECOMPILE_PREFIX_HEADER = YES;
				GCC_PREFIX_HEADER = "07-AFN02-文件上传/07-AFN02-文件上传-Prefix.pch";
				INFOPLIST_FILE = "07-AFN02-文件上传/07-AFN02-文件上传-Info.plist";
				PRODUCT_NAME = "$(TARGET_NAME)";
				WRAPPER_EXTENSION = app;
			};
			name = Release;
		};
		18AF587019D16CE400B92A66 /* Debug */ = {
			isa = XCBuildConfiguration;
			buildSettings = {
				BUNDLE_LOADER = "$(BUILT_PRODUCTS_DIR)/07-AFN02-文件上传.app/07-AFN02-文件上传";
				FRAMEWORK_SEARCH_PATHS = (
					"$(SDKROOT)/Developer/Library/Frameworks",
					"$(inherited)",
					"$(DEVELOPER_FRAMEWORKS_DIR)",
				);
				GCC_PRECOMPILE_PREFIX_HEADER = YES;
				GCC_PREFIX_HEADER = "07-AFN02-文件上传/07-AFN02-文件上传-Prefix.pch";
				GCC_PREPROCESSOR_DEFINITIONS = (
					"DEBUG=1",
					"$(inherited)",
				);
				INFOPLIST_FILE = "07-AFN02-文件上传Tests/07-AFN02-文件上传Tests-Info.plist";
				PRODUCT_NAME = "$(TARGET_NAME)";
				TEST_HOST = "$(BUNDLE_LOADER)";
				WRAPPER_EXTENSION = xctest;
			};
			name = Debug;
		};
		18AF587119D16CE400B92A66 /* Release */ = {
			isa = XCBuildConfiguration;
			buildSettings = {
				BUNDLE_LOADER = "$(BUILT_PRODUCTS_DIR)/07-AFN02-文件上传.app/07-AFN02-文件上传";
				FRAMEWORK_SEARCH_PATHS = (
					"$(SDKROOT)/Developer/Library/Frameworks",
					"$(inherited)",
					"$(DEVELOPER_FRAMEWORKS_DIR)",
				);
				GCC_PRECOMPILE_PREFIX_HEADER = YES;
				GCC_PREFIX_HEADER = "07-AFN02-文件上传/07-AFN02-文件上传-Prefix.pch";
				INFOPLIST_FILE = "07-AFN02-文件上传Tests/07-AFN02-文件上传Tests-Info.plist";
				PRODUCT_NAME = "$(TARGET_NAME)";
				TEST_HOST = "$(BUNDLE_LOADER)";
				WRAPPER_EXTENSION = xctest;
			};
			name = Release;
		};
/* End XCBuildConfiguration section */

/* Begin XCConfigurationList section */
		18AF583519D16CE400B92A66 /* Build configuration list for PBXProject "07-AFN02-文件上传" */ = {
			isa = XCConfigurationList;
			buildConfigurations = (
				18AF586A19D16CE400B92A66 /* Debug */,
				18AF586B19D16CE400B92A66 /* Release */,
			);
			defaultConfigurationIsVisible = 0;
			defaultConfigurationName = Release;
		};
		18AF586C19D16CE400B92A66 /* Build configuration list for PBXNativeTarget "07-AFN02-文件上传" */ = {
			isa = XCConfigurationList;
			buildConfigurations = (
				18AF586D19D16CE400B92A66 /* Debug */,
				18AF586E19D16CE400B92A66 /* Release */,
			);
			defaultConfigurationIsVisible = 0;
		};
		18AF586F19D16CE400B92A66 /* Build configuration list for PBXNativeTarget "07-AFN02-文件上传Tests" */ = {
			isa = XCConfigurationList;
			buildConfigurations = (
				18AF587019D16CE400B92A66 /* Debug */,
				18AF587119D16CE400B92A66 /* Release */,
			);
			defaultConfigurationIsVisible = 0;
		};
/* End XCConfigurationList section */
	};
	rootObject = 18AF583219D16CE400B92A66 /* Project object */;
}
